
Microsoft Visual Studio Solution File, Format Version 10.00
# Visual Studio 2008
Project("{FAE04EC0-301F-11D3-BF4B-00C04F79EFBC}") = "uNHAddIns.Examples.CustomInterceptor", "uNHAddIns.Examples.CustomInterceptor\uNHAddIns.Examples.CustomInterceptor.csproj", "{16CDF63B-1D9F-49EF-BEBA-F01ADA594882}"
EndProject
Global
	GlobalSection(SolutionConfigurationPlatforms) = preSolution
		Debug|Any CPU = Debug|Any CPU
		Release|Any CPU = Release|Any CPU
	EndGlobalSection
	GlobalSection(ProjectConfigurationPlatforms) = postSolution
		{16CDF63B-1D9F-49EF-BEBA-F01ADA594882}.Debug|Any CPU.ActiveCfg = Debug|Any CPU
		{16CDF63B-1D9F-49EF-BEBA-F01ADA594882}.Debug|Any CPU.Build.0 = Debug|Any CPU
		{16CDF63B-1D9F-49EF-BEBA-F01ADA594882}.Release|Any CPU.ActiveCfg = Release|Any CPU
		{16CDF63B-1D9F-49EF-BEBA-F01ADA594882}.Release|Any CPU.Build.0 = Release|Any CPU
	EndGlobalSection
	GlobalSection(SolutionProperties) = preSolution
		HideSolutionNode = FALSE
	EndGlobalSection
EndGlobal
