
Microsoft Visual Studio Solution File, Format Version 10.00
# Visual Studio 2008
Project("{E24C65DC-7377-472B-9ABA-BC803B73C61A}") = "uNHAddIns.Examples.Pagination", "..\..\..\uNHAddIns.Examples.Pagination\", "{0E71E375-EF6A-40F4-8966-A02A51426E53}"
	ProjectSection(WebsiteProperties) = preProject
		TargetFramework = "2.0"
		Debug.AspNetCompiler.VirtualPath = "/uNHAddIns.Examples.Pagination"
		Debug.AspNetCompiler.PhysicalPath = "..\..\..\..\src\uNHAddIns.Examples.Pagination\"
		Debug.AspNetCompiler.TargetPath = "PrecompiledWeb\uNHAddIns.Examples.Pagination\"
		Debug.AspNetCompiler.Updateable = "true"
		Debug.AspNetCompiler.ForceOverwrite = "true"
		Debug.AspNetCompiler.FixedNames = "false"
		Debug.AspNetCompiler.Debug = "True"
		Release.AspNetCompiler.VirtualPath = "/uNHAddIns.Examples.Pagination"
		Release.AspNetCompiler.PhysicalPath = "..\..\..\..\src\uNHAddIns.Examples.Pagination\"
		Release.AspNetCompiler.TargetPath = "PrecompiledWeb\uNHAddIns.Examples.Pagination\"
		Release.AspNetCompiler.Updateable = "true"
		Release.AspNetCompiler.ForceOverwrite = "true"
		Release.AspNetCompiler.FixedNames = "false"
		Release.AspNetCompiler.Debug = "False"
		VWDPort = "59598"
		DefaultWebSiteLanguage = "Visual C#"
	EndProjectSection
EndProject
Project("{FAE04EC0-301F-11D3-BF4B-00C04F79EFBC}") = "Entities", "Entities\Entities.csproj", "{D52FB98C-3D12-43AD-9994-41350C48A985}"
EndProject
Project("{FAE04EC0-301F-11D3-BF4B-00C04F79EFBC}") = "Data", "Data\Data.csproj", "{2B2F2B55-3709-4DA2-9A63-2AD739DD3896}"
EndProject
Project("{FAE04EC0-301F-11D3-BF4B-00C04F79EFBC}") = "Services", "Services\Services.csproj", "{B031E6FE-6115-4722-AF3E-C18D97FE1356}"
EndProject
Global
	GlobalSection(SolutionConfigurationPlatforms) = preSolution
		Debug|.NET = Debug|.NET
		Debug|Any CPU = Debug|Any CPU
		Debug|Mixed Platforms = Debug|Mixed Platforms
		Release|.NET = Release|.NET
		Release|Any CPU = Release|Any CPU
		Release|Mixed Platforms = Release|Mixed Platforms
	EndGlobalSection
	GlobalSection(ProjectConfigurationPlatforms) = postSolution
		{0E71E375-EF6A-40F4-8966-A02A51426E53}.Debug|.NET.ActiveCfg = Debug|.NET
		{0E71E375-EF6A-40F4-8966-A02A51426E53}.Debug|.NET.Build.0 = Debug|.NET
		{0E71E375-EF6A-40F4-8966-A02A51426E53}.Debug|Any CPU.ActiveCfg = Debug|.NET
		{0E71E375-EF6A-40F4-8966-A02A51426E53}.Debug|Mixed Platforms.ActiveCfg = Debug|.NET
		{0E71E375-EF6A-40F4-8966-A02A51426E53}.Debug|Mixed Platforms.Build.0 = Debug|.NET
		{0E71E375-EF6A-40F4-8966-A02A51426E53}.Release|.NET.ActiveCfg = Debug|.NET
		{0E71E375-EF6A-40F4-8966-A02A51426E53}.Release|.NET.Build.0 = Debug|.NET
		{0E71E375-EF6A-40F4-8966-A02A51426E53}.Release|Any CPU.ActiveCfg = Debug|.NET
		{0E71E375-EF6A-40F4-8966-A02A51426E53}.Release|Mixed Platforms.ActiveCfg = Debug|.NET
		{0E71E375-EF6A-40F4-8966-A02A51426E53}.Release|Mixed Platforms.Build.0 = Debug|.NET
		{D52FB98C-3D12-43AD-9994-41350C48A985}.Debug|.NET.ActiveCfg = Debug|Any CPU
		{D52FB98C-3D12-43AD-9994-41350C48A985}.Debug|Any CPU.ActiveCfg = Debug|Any CPU
		{D52FB98C-3D12-43AD-9994-41350C48A985}.Debug|Any CPU.Build.0 = Debug|Any CPU
		{D52FB98C-3D12-43AD-9994-41350C48A985}.Debug|Mixed Platforms.ActiveCfg = Debug|Any CPU
		{D52FB98C-3D12-43AD-9994-41350C48A985}.Debug|Mixed Platforms.Build.0 = Debug|Any CPU
		{D52FB98C-3D12-43AD-9994-41350C48A985}.Release|.NET.ActiveCfg = Release|Any CPU
		{D52FB98C-3D12-43AD-9994-41350C48A985}.Release|Any CPU.ActiveCfg = Release|Any CPU
		{D52FB98C-3D12-43AD-9994-41350C48A985}.Release|Any CPU.Build.0 = Release|Any CPU
		{D52FB98C-3D12-43AD-9994-41350C48A985}.Release|Mixed Platforms.ActiveCfg = Release|Any CPU
		{D52FB98C-3D12-43AD-9994-41350C48A985}.Release|Mixed Platforms.Build.0 = Release|Any CPU
		{2B2F2B55-3709-4DA2-9A63-2AD739DD3896}.Debug|.NET.ActiveCfg = Debug|Any CPU
		{2B2F2B55-3709-4DA2-9A63-2AD739DD3896}.Debug|Any CPU.ActiveCfg = Debug|Any CPU
		{2B2F2B55-3709-4DA2-9A63-2AD739DD3896}.Debug|Any CPU.Build.0 = Debug|Any CPU
		{2B2F2B55-3709-4DA2-9A63-2AD739DD3896}.Debug|Mixed Platforms.ActiveCfg = Debug|Any CPU
		{2B2F2B55-3709-4DA2-9A63-2AD739DD3896}.Debug|Mixed Platforms.Build.0 = Debug|Any CPU
		{2B2F2B55-3709-4DA2-9A63-2AD739DD3896}.Release|.NET.ActiveCfg = Release|Any CPU
		{2B2F2B55-3709-4DA2-9A63-2AD739DD3896}.Release|Any CPU.ActiveCfg = Release|Any CPU
		{2B2F2B55-3709-4DA2-9A63-2AD739DD3896}.Release|Any CPU.Build.0 = Release|Any CPU
		{2B2F2B55-3709-4DA2-9A63-2AD739DD3896}.Release|Mixed Platforms.ActiveCfg = Release|Any CPU
		{2B2F2B55-3709-4DA2-9A63-2AD739DD3896}.Release|Mixed Platforms.Build.0 = Release|Any CPU
		{B031E6FE-6115-4722-AF3E-C18D97FE1356}.Debug|.NET.ActiveCfg = Debug|Any CPU
		{B031E6FE-6115-4722-AF3E-C18D97FE1356}.Debug|Any CPU.ActiveCfg = Debug|Any CPU
		{B031E6FE-6115-4722-AF3E-C18D97FE1356}.Debug|Any CPU.Build.0 = Debug|Any CPU
		{B031E6FE-6115-4722-AF3E-C18D97FE1356}.Debug|Mixed Platforms.ActiveCfg = Debug|Any CPU
		{B031E6FE-6115-4722-AF3E-C18D97FE1356}.Debug|Mixed Platforms.Build.0 = Debug|Any CPU
		{B031E6FE-6115-4722-AF3E-C18D97FE1356}.Release|.NET.ActiveCfg = Release|Any CPU
		{B031E6FE-6115-4722-AF3E-C18D97FE1356}.Release|Any CPU.ActiveCfg = Release|Any CPU
		{B031E6FE-6115-4722-AF3E-C18D97FE1356}.Release|Any CPU.Build.0 = Release|Any CPU
		{B031E6FE-6115-4722-AF3E-C18D97FE1356}.Release|Mixed Platforms.ActiveCfg = Release|Any CPU
		{B031E6FE-6115-4722-AF3E-C18D97FE1356}.Release|Mixed Platforms.Build.0 = Release|Any CPU
	EndGlobalSection
	GlobalSection(SolutionProperties) = preSolution
		HideSolutionNode = FALSE
	EndGlobalSection
EndGlobal
