
Microsoft Visual Studio Solution File, Format Version 10.00
# Visual Studio 2008
Project("{FAE04EC0-301F-11D3-BF4B-00C04F79EFBC}") = "GoldParsing.Engine", "GoldParsing.Engine\GoldParsing.Engine.csproj", "{B2C309FE-1535-4373-B259-DE96DDFE4182}"
EndProject
Global
	GlobalSection(SolutionConfigurationPlatforms) = preSolution
		Debug|Any CPU = Debug|Any CPU
		Release|Any CPU = Release|Any CPU
	EndGlobalSection
	GlobalSection(ProjectConfigurationPlatforms) = postSolution
		{B2C309FE-1535-4373-B259-DE96DDFE4182}.Debug|Any CPU.ActiveCfg = Debug|Any CPU
		{B2C309FE-1535-4373-B259-DE96DDFE4182}.Debug|Any CPU.Build.0 = Debug|Any CPU
		{B2C309FE-1535-4373-B259-DE96DDFE4182}.Release|Any CPU.ActiveCfg = Release|Any CPU
		{B2C309FE-1535-4373-B259-DE96DDFE4182}.Release|Any CPU.Build.0 = Release|Any CPU
	EndGlobalSection
	GlobalSection(SolutionProperties) = preSolution
		HideSolutionNode = FALSE
	EndGlobalSection
EndGlobal
