
Microsoft Visual Studio Solution File, Format Version 10.00
# Visual Studio 2008
Project("{FAE04EC0-301F-11D3-BF4B-00C04F79EFBC}") = "uNhAddIns", "uNhAddIns\uNhAddIns.csproj", "{59233B1D-6DDE-4C05-A9E9-D0A1A8144112}"
EndProject
Project("{FAE04EC0-301F-11D3-BF4B-00C04F79EFBC}") = "uNhAddIns.Test", "uNhAddIns.Test\uNhAddIns.Test.csproj", "{36E6304A-EACB-41B9-ADF1-E81BE6EDF0CB}"
EndProject
Project("{FAE04EC0-301F-11D3-BF4B-00C04F79EFBC}") = "uNhAddIns.Web", "uNhAddIns.Web\uNhAddIns.Web.csproj", "{6F9968F5-6A16-4CD4-89FF-98A052FAB905}"
EndProject
Project("{2150E333-8FDC-42A3-9474-1A3956D46DE8}") = "ConfigurationTemplates", "ConfigurationTemplates", "{D121F01C-1CD3-4E44-B4C3-853E00B2D97D}"
	ProjectSection(SolutionItems) = preProject
		ConfigurationTemplates\FireBird.cfg.xml.tmpl = ConfigurationTemplates\FireBird.cfg.xml.tmpl
		ConfigurationTemplates\MSSQL.cfg.xml.tmpl = ConfigurationTemplates\MSSQL.cfg.xml.tmpl
		ConfigurationTemplates\MySql.cfg.xml.tmpl = ConfigurationTemplates\MySql.cfg.xml.tmpl
		ConfigurationTemplates\Oracle.cfg.xml.tmpl = ConfigurationTemplates\Oracle.cfg.xml.tmpl
		ConfigurationTemplates\PostgreSQL.cfg.xml.tmpl = ConfigurationTemplates\PostgreSQL.cfg.xml.tmpl
		ConfigurationTemplates\SQLite.cfg.xml.tmpl = ConfigurationTemplates\SQLite.cfg.xml.tmpl
	EndProjectSection
EndProject
Project("{FAE04EC0-301F-11D3-BF4B-00C04F79EFBC}") = "uNhAddIns.Adapters", "uNhAddIns.Adapters\uNhAddIns.Adapters.csproj", "{0C444B46-80FD-47D6-BB7C-848EB1626FED}"
EndProject
Project("{FAE04EC0-301F-11D3-BF4B-00C04F79EFBC}") = "uNhAddIns.CastleAdapters", "uNhAddIns.CastleAdapters\uNhAddIns.CastleAdapters.csproj", "{0140ED11-A9A2-4795-9BE9-22E86A9F0057}"
EndProject
Project("{FAE04EC0-301F-11D3-BF4B-00C04F79EFBC}") = "uNhAddIns.CastleAdapters.Tests", "uNhAddIns.CastleAdapters.Tests\uNhAddIns.CastleAdapters.Tests.csproj", "{22FC518C-41B7-43E8-A24E-75220A159B51}"
EndProject
Project("{2150E333-8FDC-42A3-9474-1A3956D46DE8}") = "Core", "Core", "{6CCDFD25-75CA-4F33-B742-E547D649A384}"
EndProject
Project("{2150E333-8FDC-42A3-9474-1A3956D46DE8}") = "Adapters", "Adapters", "{66B89542-4137-4902-9A5D-B84BD565DA90}"
EndProject
Project("{FAE04EC0-301F-11D3-BF4B-00C04F79EFBC}") = "uNhAddIns.LinFuAdapters", "uNhAddIns.LinFuAdapters\uNhAddIns.LinFuAdapters.csproj", "{9547F8DD-20D1-4451-88BF-07579CE475D0}"
EndProject
Project("{FAE04EC0-301F-11D3-BF4B-00C04F79EFBC}") = "uNhAddIns.Adapters.CommonTests", "uNhAddIns.Adapters.CommonTests\uNhAddIns.Adapters.CommonTests.csproj", "{2F125B66-33E5-4C9A-849E-6CB763FF1001}"
EndProject
Project("{FAE04EC0-301F-11D3-BF4B-00C04F79EFBC}") = "uNhAddIns.TestUtils", "uNhAddIns.TestUtils\uNhAddIns.TestUtils.csproj", "{7512944F-2C52-44E2-8287-2BD39DE552F1}"
EndProject
Project("{FAE04EC0-301F-11D3-BF4B-00C04F79EFBC}") = "uNhAddIns.TestUtils.Tests", "uNhAddIns.TestUtils.Tests\uNhAddIns.TestUtils.Tests.csproj", "{17478260-D89D-4C6F-AEDF-D33B8D36D201}"
EndProject
Project("{FAE04EC0-301F-11D3-BF4B-00C04F79EFBC}") = "uNhAddIns.Adapters.Common", "uNhAddIns.Adapters.Common\uNhAddIns.Adapters.Common.csproj", "{6E52BD7D-F0AA-4CBE-B4D7-44904F750070}"
EndProject
Project("{2150E333-8FDC-42A3-9474-1A3956D46DE8}") = "Application Blocks", "Application Blocks", "{4F333A99-0FC0-4847-88FC-FCC91CF18293}"
EndProject
Project("{FAE04EC0-301F-11D3-BF4B-00C04F79EFBC}") = "uNhAddIns.Entities", "uNhAddIns.Entities\uNhAddIns.Entities.csproj", "{676FDC6C-A4BB-42A5-9C56-C2D1669E45A8}"
EndProject
Project("{FAE04EC0-301F-11D3-BF4B-00C04F79EFBC}") = "uNhAddIns.Entities.Tests", "uNhAddIns.Entities.Tests\uNhAddIns.Entities.Tests.csproj", "{0FC0304A-94BF-4C3D-8CEE-EE45E9260168}"
EndProject
Project("{FAE04EC0-301F-11D3-BF4B-00C04F79EFBC}") = "uNhAddIns.SpringAdapters", "uNhAddIns.SpringAdapters\uNhAddIns.SpringAdapters.csproj", "{9A339728-8B9B-4087-BD50-2960DFC6468E}"
EndProject
Project("{FAE04EC0-301F-11D3-BF4B-00C04F79EFBC}") = "uNhAddIns.SpringAdapters.Tests", "uNhAddIns.SpringAdapters.Tests\uNhAddIns.SpringAdapters.Tests.csproj", "{4DDBAC54-2FB4-45B0-9954-9950AC90ABA5}"
EndProject
Project("{FAE04EC0-301F-11D3-BF4B-00C04F79EFBC}") = "uNhAddIns.WPF", "uNhAddIns.WPF\uNhAddIns.WPF.csproj", "{7ECACA3E-1ABF-4733-99A7-BE1CDC982D61}"
EndProject
Project("{FAE04EC0-301F-11D3-BF4B-00C04F79EFBC}") = "uNhAddIns.WPF.Tests", "uNhAddIns.WPF.Tests\uNhAddIns.WPF.Tests.csproj", "{AA37FDD1-3A83-4D66-89AE-F9F3E64E6A25}"
EndProject
Project("{FAE04EC0-301F-11D3-BF4B-00C04F79EFBC}") = "uNhAddIns.NHibernateValidator", "uNhAddIns.NHibernateValidator\uNhAddIns.NHibernateValidator.csproj", "{6C864615-C94A-49A7-9556-55955E6A90BA}"
EndProject
Project("{FAE04EC0-301F-11D3-BF4B-00C04F79EFBC}") = "uNhAddIns.NinjectAdapters", "uNhAddIns.NinjectAdapters\uNhAddIns.NinjectAdapters.csproj", "{FD145024-5853-464F-8F98-A0B394D251B4}"
EndProject
Project("{FAE04EC0-301F-11D3-BF4B-00C04F79EFBC}") = "uNhAddIns.NinjectAdapters.Tests", "uNhAddIns.NinjectAdapters.Tests\uNhAddIns.NinjectAdapters.Tests.csproj", "{23D5C1E6-956C-4EDF-8DEC-2B21D7B95A06}"
EndProject
Project("{FAE04EC0-301F-11D3-BF4B-00C04F79EFBC}") = "uNhAddIns.NHibernateTypeResolver", "uNhAddIns.NHibernateTypeResolver\uNhAddIns.NHibernateTypeResolver.csproj", "{A57F0E70-9283-414F-B697-1637F11B01FB}"
EndProject
Project("{2150E333-8FDC-42A3-9474-1A3956D46DE8}") = "ValidationAdapters", "ValidationAdapters", "{7683B687-D5C2-40CA-94E1-46590EE81F06}"
EndProject
Project("{FAE04EC0-301F-11D3-BF4B-00C04F79EFBC}") = "uNhAddIns.DataAnnotations", "uNhAddIns.DataAnnotations\uNhAddIns.DataAnnotations.csproj", "{1DAC7465-E055-45B9-BED6-558BF1A5859F}"
EndProject
Project("{FAE04EC0-301F-11D3-BF4B-00C04F79EFBC}") = "uNhAddIns.DataAnnotations.Tests", "uNhAddIns.DataAnnotations.Tests\uNhAddIns.DataAnnotations.Tests.csproj", "{B3A63DC7-92DF-46C1-81D7-55D80EDDCFE1}"
EndProject
Project("{FAE04EC0-301F-11D3-BF4B-00C04F79EFBC}") = "uNhAddIns.CastleValidator", "uNhAddIns.CastleValidator\uNhAddIns.CastleValidator.csproj", "{B8C67FBF-5C8F-4020-B7D8-1AC1D77D3B6D}"
EndProject
Project("{FAE04EC0-301F-11D3-BF4B-00C04F79EFBC}") = "uNhAddIns.CastleValidator.Tests", "uNhAddIns.CastleValidator.Tests\uNhAddIns.CastleValidator.Tests.csproj", "{5FA06933-509C-4575-9D87-C20C3AF26B1C}"
EndProject
Project("{FAE04EC0-301F-11D3-BF4B-00C04F79EFBC}") = "uNhAddIns.VAB", "uNhAddIns.VAB\uNhAddIns.VAB.csproj", "{6965B2DA-4971-4181-B140-F6C209D4041F}"
EndProject
Project("{FAE04EC0-301F-11D3-BF4B-00C04F79EFBC}") = "uNhAddIns.VAB.Tests", "uNhAddIns.VAB.Tests\uNhAddIns.VAB.Tests.csproj", "{D054434B-9461-4714-B87B-E4C12D43215D}"
EndProject
Project("{FAE04EC0-301F-11D3-BF4B-00C04F79EFBC}") = "uNhAddIns.WCF", "uNhAddIns.WCF\uNhAddIns.WCF.csproj", "{38E03C8A-82EA-4064-B5F2-7F6D20433C9C}"
EndProject
Project("{FAE04EC0-301F-11D3-BF4B-00C04F79EFBC}") = "uNhAddIns.WCF.Tests", "uNhAddIns.WCF.Tests\uNhAddIns.WCF.Tests.csproj", "{C8359531-8392-43F3-8459-73F6C5A270FD}"
EndProject
Project("{FAE04EC0-301F-11D3-BF4B-00C04F79EFBC}") = "uNhAddIns.PostSharpAdapters.Tests", "uNhAddIns.PostSharpAdapters.Tests\uNhAddIns.PostSharpAdapters.Tests.csproj", "{A164A189-84DB-4387-B237-1C0EF6DCD43F}"
EndProject
Project("{FAE04EC0-301F-11D3-BF4B-00C04F79EFBC}") = "uNhAddIns.PostSharpAdapters", "uNhAddIns.PostSharpAdapters\uNhAddIns.PostSharpAdapters.csproj", "{3F4A54F0-95F6-4DFC-83B5-01CAF623CC6F}"
EndProject
Project("{FAE04EC0-301F-11D3-BF4B-00C04F79EFBC}") = "uNhAddIns.CommonServiceLocatorAdapters", "uNhAddIns.CommonServiceLocatorAdapters\uNhAddIns.CommonServiceLocatorAdapters.csproj", "{C62E51A0-0E8E-4351-91FF-7D7B9BE4A514}"
EndProject
Project("{FAE04EC0-301F-11D3-BF4B-00C04F79EFBC}") = "uNhAddIns.CommonServiceLocatorAdapters.Tests", "uNhAddIns.CommonServiceLocatorAdapters.Tests\uNhAddIns.CommonServiceLocatorAdapters.Tests.csproj", "{E04E67AD-537A-4E23-A14A-59189AA7A111}"
EndProject
Global
	GlobalSection(SolutionConfigurationPlatforms) = preSolution
		Debug|Any CPU = Debug|Any CPU
		Release|Any CPU = Release|Any CPU
	EndGlobalSection
	GlobalSection(ProjectConfigurationPlatforms) = postSolution
		{59233B1D-6DDE-4C05-A9E9-D0A1A8144112}.Debug|Any CPU.ActiveCfg = Debug|Any CPU
		{59233B1D-6DDE-4C05-A9E9-D0A1A8144112}.Debug|Any CPU.Build.0 = Debug|Any CPU
		{59233B1D-6DDE-4C05-A9E9-D0A1A8144112}.Release|Any CPU.ActiveCfg = Release|Any CPU
		{59233B1D-6DDE-4C05-A9E9-D0A1A8144112}.Release|Any CPU.Build.0 = Release|Any CPU
		{36E6304A-EACB-41B9-ADF1-E81BE6EDF0CB}.Debug|Any CPU.ActiveCfg = Debug|Any CPU
		{36E6304A-EACB-41B9-ADF1-E81BE6EDF0CB}.Debug|Any CPU.Build.0 = Debug|Any CPU
		{36E6304A-EACB-41B9-ADF1-E81BE6EDF0CB}.Release|Any CPU.ActiveCfg = Release|Any CPU
		{6F9968F5-6A16-4CD4-89FF-98A052FAB905}.Debug|Any CPU.ActiveCfg = Debug|Any CPU
		{6F9968F5-6A16-4CD4-89FF-98A052FAB905}.Debug|Any CPU.Build.0 = Debug|Any CPU
		{6F9968F5-6A16-4CD4-89FF-98A052FAB905}.Release|Any CPU.ActiveCfg = Release|Any CPU
		{6F9968F5-6A16-4CD4-89FF-98A052FAB905}.Release|Any CPU.Build.0 = Release|Any CPU
		{0C444B46-80FD-47D6-BB7C-848EB1626FED}.Debug|Any CPU.ActiveCfg = Debug|Any CPU
		{0C444B46-80FD-47D6-BB7C-848EB1626FED}.Debug|Any CPU.Build.0 = Debug|Any CPU
		{0C444B46-80FD-47D6-BB7C-848EB1626FED}.Release|Any CPU.ActiveCfg = Release|Any CPU
		{0C444B46-80FD-47D6-BB7C-848EB1626FED}.Release|Any CPU.Build.0 = Release|Any CPU
		{0140ED11-A9A2-4795-9BE9-22E86A9F0057}.Debug|Any CPU.ActiveCfg = Debug|Any CPU
		{0140ED11-A9A2-4795-9BE9-22E86A9F0057}.Debug|Any CPU.Build.0 = Debug|Any CPU
		{0140ED11-A9A2-4795-9BE9-22E86A9F0057}.Release|Any CPU.ActiveCfg = Release|Any CPU
		{0140ED11-A9A2-4795-9BE9-22E86A9F0057}.Release|Any CPU.Build.0 = Release|Any CPU
		{22FC518C-41B7-43E8-A24E-75220A159B51}.Debug|Any CPU.ActiveCfg = Debug|Any CPU
		{22FC518C-41B7-43E8-A24E-75220A159B51}.Debug|Any CPU.Build.0 = Debug|Any CPU
		{22FC518C-41B7-43E8-A24E-75220A159B51}.Release|Any CPU.ActiveCfg = Release|Any CPU
		{9547F8DD-20D1-4451-88BF-07579CE475D0}.Debug|Any CPU.ActiveCfg = Debug|Any CPU
		{9547F8DD-20D1-4451-88BF-07579CE475D0}.Debug|Any CPU.Build.0 = Debug|Any CPU
		{9547F8DD-20D1-4451-88BF-07579CE475D0}.Release|Any CPU.ActiveCfg = Release|Any CPU
		{9547F8DD-20D1-4451-88BF-07579CE475D0}.Release|Any CPU.Build.0 = Release|Any CPU
		{2F125B66-33E5-4C9A-849E-6CB763FF1001}.Debug|Any CPU.ActiveCfg = Debug|Any CPU
		{2F125B66-33E5-4C9A-849E-6CB763FF1001}.Debug|Any CPU.Build.0 = Debug|Any CPU
		{2F125B66-33E5-4C9A-849E-6CB763FF1001}.Release|Any CPU.ActiveCfg = Release|Any CPU
		{2F125B66-33E5-4C9A-849E-6CB763FF1001}.Release|Any CPU.Build.0 = Release|Any CPU
		{7512944F-2C52-44E2-8287-2BD39DE552F1}.Debug|Any CPU.ActiveCfg = Debug|Any CPU
		{7512944F-2C52-44E2-8287-2BD39DE552F1}.Debug|Any CPU.Build.0 = Debug|Any CPU
		{7512944F-2C52-44E2-8287-2BD39DE552F1}.Release|Any CPU.ActiveCfg = Release|Any CPU
		{7512944F-2C52-44E2-8287-2BD39DE552F1}.Release|Any CPU.Build.0 = Release|Any CPU
		{17478260-D89D-4C6F-AEDF-D33B8D36D201}.Debug|Any CPU.ActiveCfg = Debug|Any CPU
		{17478260-D89D-4C6F-AEDF-D33B8D36D201}.Debug|Any CPU.Build.0 = Debug|Any CPU
		{17478260-D89D-4C6F-AEDF-D33B8D36D201}.Release|Any CPU.ActiveCfg = Release|Any CPU
		{17478260-D89D-4C6F-AEDF-D33B8D36D201}.Release|Any CPU.Build.0 = Release|Any CPU
		{6E52BD7D-F0AA-4CBE-B4D7-44904F750070}.Debug|Any CPU.ActiveCfg = Debug|Any CPU
		{6E52BD7D-F0AA-4CBE-B4D7-44904F750070}.Debug|Any CPU.Build.0 = Debug|Any CPU
		{6E52BD7D-F0AA-4CBE-B4D7-44904F750070}.Release|Any CPU.ActiveCfg = Release|Any CPU
		{6E52BD7D-F0AA-4CBE-B4D7-44904F750070}.Release|Any CPU.Build.0 = Release|Any CPU
		{676FDC6C-A4BB-42A5-9C56-C2D1669E45A8}.Debug|Any CPU.ActiveCfg = Debug|Any CPU
		{676FDC6C-A4BB-42A5-9C56-C2D1669E45A8}.Debug|Any CPU.Build.0 = Debug|Any CPU
		{676FDC6C-A4BB-42A5-9C56-C2D1669E45A8}.Release|Any CPU.ActiveCfg = Release|Any CPU
		{676FDC6C-A4BB-42A5-9C56-C2D1669E45A8}.Release|Any CPU.Build.0 = Release|Any CPU
		{0FC0304A-94BF-4C3D-8CEE-EE45E9260168}.Debug|Any CPU.ActiveCfg = Debug|Any CPU
		{0FC0304A-94BF-4C3D-8CEE-EE45E9260168}.Debug|Any CPU.Build.0 = Debug|Any CPU
		{0FC0304A-94BF-4C3D-8CEE-EE45E9260168}.Release|Any CPU.ActiveCfg = Release|Any CPU
		{0FC0304A-94BF-4C3D-8CEE-EE45E9260168}.Release|Any CPU.Build.0 = Release|Any CPU
		{9A339728-8B9B-4087-BD50-2960DFC6468E}.Debug|Any CPU.ActiveCfg = Debug|Any CPU
		{9A339728-8B9B-4087-BD50-2960DFC6468E}.Debug|Any CPU.Build.0 = Debug|Any CPU
		{9A339728-8B9B-4087-BD50-2960DFC6468E}.Release|Any CPU.ActiveCfg = Release|Any CPU
		{9A339728-8B9B-4087-BD50-2960DFC6468E}.Release|Any CPU.Build.0 = Release|Any CPU
		{4DDBAC54-2FB4-45B0-9954-9950AC90ABA5}.Debug|Any CPU.ActiveCfg = Debug|Any CPU
		{4DDBAC54-2FB4-45B0-9954-9950AC90ABA5}.Debug|Any CPU.Build.0 = Debug|Any CPU
		{4DDBAC54-2FB4-45B0-9954-9950AC90ABA5}.Release|Any CPU.ActiveCfg = Release|Any CPU
		{4DDBAC54-2FB4-45B0-9954-9950AC90ABA5}.Release|Any CPU.Build.0 = Release|Any CPU
		{7ECACA3E-1ABF-4733-99A7-BE1CDC982D61}.Debug|Any CPU.ActiveCfg = Debug|Any CPU
		{7ECACA3E-1ABF-4733-99A7-BE1CDC982D61}.Debug|Any CPU.Build.0 = Debug|Any CPU
		{7ECACA3E-1ABF-4733-99A7-BE1CDC982D61}.Release|Any CPU.ActiveCfg = Release|Any CPU
		{7ECACA3E-1ABF-4733-99A7-BE1CDC982D61}.Release|Any CPU.Build.0 = Release|Any CPU
		{AA37FDD1-3A83-4D66-89AE-F9F3E64E6A25}.Debug|Any CPU.ActiveCfg = Debug|Any CPU
		{AA37FDD1-3A83-4D66-89AE-F9F3E64E6A25}.Debug|Any CPU.Build.0 = Debug|Any CPU
		{AA37FDD1-3A83-4D66-89AE-F9F3E64E6A25}.Release|Any CPU.ActiveCfg = Release|Any CPU
		{AA37FDD1-3A83-4D66-89AE-F9F3E64E6A25}.Release|Any CPU.Build.0 = Release|Any CPU
		{6C864615-C94A-49A7-9556-55955E6A90BA}.Debug|Any CPU.ActiveCfg = Debug|Any CPU
		{6C864615-C94A-49A7-9556-55955E6A90BA}.Debug|Any CPU.Build.0 = Debug|Any CPU
		{6C864615-C94A-49A7-9556-55955E6A90BA}.Release|Any CPU.ActiveCfg = Release|Any CPU
		{6C864615-C94A-49A7-9556-55955E6A90BA}.Release|Any CPU.Build.0 = Release|Any CPU
		{FD145024-5853-464F-8F98-A0B394D251B4}.Debug|Any CPU.ActiveCfg = Debug|Any CPU
		{FD145024-5853-464F-8F98-A0B394D251B4}.Debug|Any CPU.Build.0 = Debug|Any CPU
		{FD145024-5853-464F-8F98-A0B394D251B4}.Release|Any CPU.ActiveCfg = Release|Any CPU
		{FD145024-5853-464F-8F98-A0B394D251B4}.Release|Any CPU.Build.0 = Release|Any CPU
		{23D5C1E6-956C-4EDF-8DEC-2B21D7B95A06}.Debug|Any CPU.ActiveCfg = Debug|Any CPU
		{23D5C1E6-956C-4EDF-8DEC-2B21D7B95A06}.Debug|Any CPU.Build.0 = Debug|Any CPU
		{23D5C1E6-956C-4EDF-8DEC-2B21D7B95A06}.Release|Any CPU.ActiveCfg = Release|Any CPU
		{23D5C1E6-956C-4EDF-8DEC-2B21D7B95A06}.Release|Any CPU.Build.0 = Release|Any CPU
		{A57F0E70-9283-414F-B697-1637F11B01FB}.Debug|Any CPU.ActiveCfg = Debug|Any CPU
		{A57F0E70-9283-414F-B697-1637F11B01FB}.Debug|Any CPU.Build.0 = Debug|Any CPU
		{A57F0E70-9283-414F-B697-1637F11B01FB}.Release|Any CPU.ActiveCfg = Release|Any CPU
		{A57F0E70-9283-414F-B697-1637F11B01FB}.Release|Any CPU.Build.0 = Release|Any CPU
		{1DAC7465-E055-45B9-BED6-558BF1A5859F}.Debug|Any CPU.ActiveCfg = Debug|Any CPU
		{1DAC7465-E055-45B9-BED6-558BF1A5859F}.Debug|Any CPU.Build.0 = Debug|Any CPU
		{1DAC7465-E055-45B9-BED6-558BF1A5859F}.Release|Any CPU.ActiveCfg = Release|Any CPU
		{1DAC7465-E055-45B9-BED6-558BF1A5859F}.Release|Any CPU.Build.0 = Release|Any CPU
		{B3A63DC7-92DF-46C1-81D7-55D80EDDCFE1}.Debug|Any CPU.ActiveCfg = Debug|Any CPU
		{B3A63DC7-92DF-46C1-81D7-55D80EDDCFE1}.Debug|Any CPU.Build.0 = Debug|Any CPU
		{B3A63DC7-92DF-46C1-81D7-55D80EDDCFE1}.Release|Any CPU.ActiveCfg = Release|Any CPU
		{B3A63DC7-92DF-46C1-81D7-55D80EDDCFE1}.Release|Any CPU.Build.0 = Release|Any CPU
		{B8C67FBF-5C8F-4020-B7D8-1AC1D77D3B6D}.Debug|Any CPU.ActiveCfg = Debug|Any CPU
		{B8C67FBF-5C8F-4020-B7D8-1AC1D77D3B6D}.Debug|Any CPU.Build.0 = Debug|Any CPU
		{B8C67FBF-5C8F-4020-B7D8-1AC1D77D3B6D}.Release|Any CPU.ActiveCfg = Release|Any CPU
		{B8C67FBF-5C8F-4020-B7D8-1AC1D77D3B6D}.Release|Any CPU.Build.0 = Release|Any CPU
		{5FA06933-509C-4575-9D87-C20C3AF26B1C}.Debug|Any CPU.ActiveCfg = Debug|Any CPU
		{5FA06933-509C-4575-9D87-C20C3AF26B1C}.Debug|Any CPU.Build.0 = Debug|Any CPU
		{5FA06933-509C-4575-9D87-C20C3AF26B1C}.Release|Any CPU.ActiveCfg = Release|Any CPU
		{5FA06933-509C-4575-9D87-C20C3AF26B1C}.Release|Any CPU.Build.0 = Release|Any CPU
		{6965B2DA-4971-4181-B140-F6C209D4041F}.Debug|Any CPU.ActiveCfg = Debug|Any CPU
		{6965B2DA-4971-4181-B140-F6C209D4041F}.Debug|Any CPU.Build.0 = Debug|Any CPU
		{6965B2DA-4971-4181-B140-F6C209D4041F}.Release|Any CPU.ActiveCfg = Release|Any CPU
		{6965B2DA-4971-4181-B140-F6C209D4041F}.Release|Any CPU.Build.0 = Release|Any CPU
		{D054434B-9461-4714-B87B-E4C12D43215D}.Debug|Any CPU.ActiveCfg = Debug|Any CPU
		{D054434B-9461-4714-B87B-E4C12D43215D}.Debug|Any CPU.Build.0 = Debug|Any CPU
		{D054434B-9461-4714-B87B-E4C12D43215D}.Release|Any CPU.ActiveCfg = Release|Any CPU
		{D054434B-9461-4714-B87B-E4C12D43215D}.Release|Any CPU.Build.0 = Release|Any CPU
		{38E03C8A-82EA-4064-B5F2-7F6D20433C9C}.Debug|Any CPU.ActiveCfg = Debug|Any CPU
		{38E03C8A-82EA-4064-B5F2-7F6D20433C9C}.Debug|Any CPU.Build.0 = Debug|Any CPU
		{38E03C8A-82EA-4064-B5F2-7F6D20433C9C}.Release|Any CPU.ActiveCfg = Release|Any CPU
		{38E03C8A-82EA-4064-B5F2-7F6D20433C9C}.Release|Any CPU.Build.0 = Release|Any CPU
		{C8359531-8392-43F3-8459-73F6C5A270FD}.Debug|Any CPU.ActiveCfg = Debug|Any CPU
		{C8359531-8392-43F3-8459-73F6C5A270FD}.Debug|Any CPU.Build.0 = Debug|Any CPU
		{C8359531-8392-43F3-8459-73F6C5A270FD}.Release|Any CPU.ActiveCfg = Release|Any CPU
		{C8359531-8392-43F3-8459-73F6C5A270FD}.Release|Any CPU.Build.0 = Release|Any CPU
		{A164A189-84DB-4387-B237-1C0EF6DCD43F}.Debug|Any CPU.ActiveCfg = Debug|Any CPU
		{A164A189-84DB-4387-B237-1C0EF6DCD43F}.Debug|Any CPU.Build.0 = Debug|Any CPU
		{A164A189-84DB-4387-B237-1C0EF6DCD43F}.Release|Any CPU.ActiveCfg = Release|Any CPU
		{A164A189-84DB-4387-B237-1C0EF6DCD43F}.Release|Any CPU.Build.0 = Release|Any CPU
		{3F4A54F0-95F6-4DFC-83B5-01CAF623CC6F}.Debug|Any CPU.ActiveCfg = Debug|Any CPU
		{3F4A54F0-95F6-4DFC-83B5-01CAF623CC6F}.Debug|Any CPU.Build.0 = Debug|Any CPU
		{3F4A54F0-95F6-4DFC-83B5-01CAF623CC6F}.Release|Any CPU.ActiveCfg = Release|Any CPU
		{3F4A54F0-95F6-4DFC-83B5-01CAF623CC6F}.Release|Any CPU.Build.0 = Release|Any CPU
		{C62E51A0-0E8E-4351-91FF-7D7B9BE4A514}.Debug|Any CPU.ActiveCfg = Debug|Any CPU
		{C62E51A0-0E8E-4351-91FF-7D7B9BE4A514}.Debug|Any CPU.Build.0 = Debug|Any CPU
		{C62E51A0-0E8E-4351-91FF-7D7B9BE4A514}.Release|Any CPU.ActiveCfg = Release|Any CPU
		{C62E51A0-0E8E-4351-91FF-7D7B9BE4A514}.Release|Any CPU.Build.0 = Release|Any CPU
		{E04E67AD-537A-4E23-A14A-59189AA7A111}.Debug|Any CPU.ActiveCfg = Debug|Any CPU
		{E04E67AD-537A-4E23-A14A-59189AA7A111}.Debug|Any CPU.Build.0 = Debug|Any CPU
		{E04E67AD-537A-4E23-A14A-59189AA7A111}.Release|Any CPU.ActiveCfg = Release|Any CPU
		{E04E67AD-537A-4E23-A14A-59189AA7A111}.Release|Any CPU.Build.0 = Release|Any CPU
	EndGlobalSection
	GlobalSection(SolutionProperties) = preSolution
		HideSolutionNode = FALSE
	EndGlobalSection
	GlobalSection(NestedProjects) = preSolution
		{36E6304A-EACB-41B9-ADF1-E81BE6EDF0CB} = {6CCDFD25-75CA-4F33-B742-E547D649A384}
		{6F9968F5-6A16-4CD4-89FF-98A052FAB905} = {6CCDFD25-75CA-4F33-B742-E547D649A384}
		{0C444B46-80FD-47D6-BB7C-848EB1626FED} = {6CCDFD25-75CA-4F33-B742-E547D649A384}
		{59233B1D-6DDE-4C05-A9E9-D0A1A8144112} = {6CCDFD25-75CA-4F33-B742-E547D649A384}
		{2F125B66-33E5-4C9A-849E-6CB763FF1001} = {6CCDFD25-75CA-4F33-B742-E547D649A384}
		{7512944F-2C52-44E2-8287-2BD39DE552F1} = {6CCDFD25-75CA-4F33-B742-E547D649A384}
		{17478260-D89D-4C6F-AEDF-D33B8D36D201} = {6CCDFD25-75CA-4F33-B742-E547D649A384}
		{6E52BD7D-F0AA-4CBE-B4D7-44904F750070} = {6CCDFD25-75CA-4F33-B742-E547D649A384}
		{7ECACA3E-1ABF-4733-99A7-BE1CDC982D61} = {6CCDFD25-75CA-4F33-B742-E547D649A384}
		{AA37FDD1-3A83-4D66-89AE-F9F3E64E6A25} = {6CCDFD25-75CA-4F33-B742-E547D649A384}
		{38E03C8A-82EA-4064-B5F2-7F6D20433C9C} = {6CCDFD25-75CA-4F33-B742-E547D649A384}
		{C8359531-8392-43F3-8459-73F6C5A270FD} = {6CCDFD25-75CA-4F33-B742-E547D649A384}
		{22FC518C-41B7-43E8-A24E-75220A159B51} = {66B89542-4137-4902-9A5D-B84BD565DA90}
		{0140ED11-A9A2-4795-9BE9-22E86A9F0057} = {66B89542-4137-4902-9A5D-B84BD565DA90}
		{9547F8DD-20D1-4451-88BF-07579CE475D0} = {66B89542-4137-4902-9A5D-B84BD565DA90}
		{9A339728-8B9B-4087-BD50-2960DFC6468E} = {66B89542-4137-4902-9A5D-B84BD565DA90}
		{4DDBAC54-2FB4-45B0-9954-9950AC90ABA5} = {66B89542-4137-4902-9A5D-B84BD565DA90}
		{FD145024-5853-464F-8F98-A0B394D251B4} = {66B89542-4137-4902-9A5D-B84BD565DA90}
		{23D5C1E6-956C-4EDF-8DEC-2B21D7B95A06} = {66B89542-4137-4902-9A5D-B84BD565DA90}
		{A57F0E70-9283-414F-B697-1637F11B01FB} = {66B89542-4137-4902-9A5D-B84BD565DA90}
		{A164A189-84DB-4387-B237-1C0EF6DCD43F} = {66B89542-4137-4902-9A5D-B84BD565DA90}
		{3F4A54F0-95F6-4DFC-83B5-01CAF623CC6F} = {66B89542-4137-4902-9A5D-B84BD565DA90}
		{C62E51A0-0E8E-4351-91FF-7D7B9BE4A514} = {66B89542-4137-4902-9A5D-B84BD565DA90}
		{E04E67AD-537A-4E23-A14A-59189AA7A111} = {66B89542-4137-4902-9A5D-B84BD565DA90}
		{676FDC6C-A4BB-42A5-9C56-C2D1669E45A8} = {4F333A99-0FC0-4847-88FC-FCC91CF18293}
		{0FC0304A-94BF-4C3D-8CEE-EE45E9260168} = {4F333A99-0FC0-4847-88FC-FCC91CF18293}
		{6C864615-C94A-49A7-9556-55955E6A90BA} = {7683B687-D5C2-40CA-94E1-46590EE81F06}
		{1DAC7465-E055-45B9-BED6-558BF1A5859F} = {7683B687-D5C2-40CA-94E1-46590EE81F06}
		{B3A63DC7-92DF-46C1-81D7-55D80EDDCFE1} = {7683B687-D5C2-40CA-94E1-46590EE81F06}
		{B8C67FBF-5C8F-4020-B7D8-1AC1D77D3B6D} = {7683B687-D5C2-40CA-94E1-46590EE81F06}
		{5FA06933-509C-4575-9D87-C20C3AF26B1C} = {7683B687-D5C2-40CA-94E1-46590EE81F06}
		{6965B2DA-4971-4181-B140-F6C209D4041F} = {7683B687-D5C2-40CA-94E1-46590EE81F06}
		{D054434B-9461-4714-B87B-E4C12D43215D} = {7683B687-D5C2-40CA-94E1-46590EE81F06}
	EndGlobalSection
EndGlobal
