
Microsoft Visual Studio Solution File, Format Version 9.00
# Visual Studio 2005
Project("{FAE04EC0-301F-11D3-BF4B-00C04F79EFBC}") = "uNHAddIns.Examples.Caches", "uNHAddIns.Examples.Caches\uNHAddIns.Examples.Caches.csproj", "{A267BE29-EA67-4EB1-B5A1-8B2DD387506E}"
EndProject
Project("{FAE04EC0-301F-11D3-BF4B-00C04F79EFBC}") = "uNHAddIns.Examples.Caches.Tests", "uNHAddIns.Examples.Caches.Tests\uNHAddIns.Examples.Caches.Tests.csproj", "{11342C67-999E-4330-895E-B27C6A10B769}"
EndProject
Global
	GlobalSection(SolutionConfigurationPlatforms) = preSolution
		Debug|Any CPU = Debug|Any CPU
		Release|Any CPU = Release|Any CPU
	EndGlobalSection
	GlobalSection(ProjectConfigurationPlatforms) = postSolution
		{A267BE29-EA67-4EB1-B5A1-8B2DD387506E}.Debug|Any CPU.ActiveCfg = Debug|Any CPU
		{A267BE29-EA67-4EB1-B5A1-8B2DD387506E}.Debug|Any CPU.Build.0 = Debug|Any CPU
		{A267BE29-EA67-4EB1-B5A1-8B2DD387506E}.Release|Any CPU.ActiveCfg = Release|Any CPU
		{A267BE29-EA67-4EB1-B5A1-8B2DD387506E}.Release|Any CPU.Build.0 = Release|Any CPU
		{11342C67-999E-4330-895E-B27C6A10B769}.Debug|Any CPU.ActiveCfg = Debug|Any CPU
		{11342C67-999E-4330-895E-B27C6A10B769}.Debug|Any CPU.Build.0 = Debug|Any CPU
		{11342C67-999E-4330-895E-B27C6A10B769}.Release|Any CPU.ActiveCfg = Release|Any CPU
		{11342C67-999E-4330-895E-B27C6A10B769}.Release|Any CPU.Build.0 = Release|Any CPU
	EndGlobalSection
	GlobalSection(SolutionProperties) = preSolution
		HideSolutionNode = FALSE
	EndGlobalSection
EndGlobal
